
Microsoft Visual Studio Solution File, Format Version 12.00
# Visual Studio Version 16
VisualStudioVersion = 16.0.32428.217
MinimumVisualStudioVersion = 10.0.40219.1
Project("{FAE04EC0-301F-11D3-BF4B-00C04F79EFBC}") = "ConsoleExercise", "ConsoleExercise.csproj", "{951AC542-58F6-4F7E-BB9F-462E6B312CB7}"
EndProject
Global
	GlobalSection(SolutionConfigurationPlatforms) = preSolution
		Debug|Any CPU = Debug|Any CPU
		Release|Any CPU = Release|Any CPU
	EndGlobalSection
	GlobalSection(ProjectConfigurationPlatforms) = postSolution
		{951AC542-58F6-4F7E-BB9F-462E6B312CB7}.Debug|Any CPU.ActiveCfg = Debug|Any CPU
		{951AC542-58F6-4F7E-BB9F-462E6B312CB7}.Debug|Any CPU.Build.0 = Debug|Any CPU
		{951AC542-58F6-4F7E-BB9F-462E6B312CB7}.Release|Any CPU.ActiveCfg = Release|Any CPU
		{951AC542-58F6-4F7E-BB9F-462E6B312CB7}.Release|Any CPU.Build.0 = Release|Any CPU
	EndGlobalSection
	GlobalSection(SolutionProperties) = preSolution
		HideSolutionNode = FALSE
	EndGlobalSection
	GlobalSection(ExtensibilityGlobals) = postSolution
		SolutionGuid = {6EDA70DD-0636-48DC-B11E-41B9340F932D}
	EndGlobalSection
EndGlobal
